// !$*UTF8*$!
{
	archiveVersion = 1;
	classes = {
	};
	objectVersion = 55;
	objects = {

/* Begin PBXBuildFile section */
		91C529DD288DD128001DC5C2 /* WorldApp.swift in Sources */ = {isa = PBXBuildFile; fileRef = 91C529DC288DD128001DC5C2 /* WorldApp.swift */; };
		91C529DF288DD128001DC5C2 /* ContentView.swift in Sources */ = {isa = PBXBuildFile; fileRef = 91C529DE288DD128001DC5C2 /* ContentView.swift */; };
		91C529E1288DD12B001DC5C2 /* Assets.xcassets in Resources */ = {isa = PBXBuildFile; fileRef = 91C529E0288DD12B001DC5C2 /* Assets.xcassets */; };
		91C529E4288DD12B001DC5C2 /* Preview Assets.xcassets in Resources */ = {isa = PBXBuildFile; fileRef = 91C529E3288DD12B001DC5C2 /* Preview Assets.xcassets */; };
		91C529EE288DD12B001DC5C2 /* WorldTests.swift in Sources */ = {isa = PBXBuildFile; fileRef = 91C529ED288DD12B001DC5C2 /* WorldTests.swift */; };
		91C529F8288DD12B001DC5C2 /* WorldUITests.swift in Sources */ = {isa = PBXBuildFile; fileRef = 91C529F7288DD12B001DC5C2 /* WorldUITests.swift */; };
		91C529FA288DD12B001DC5C2 /* WorldUITestsLaunchTests.swift in Sources */ = {isa = PBXBuildFile; fileRef = 91C529F9288DD12B001DC5C2 /* WorldUITestsLaunchTests.swift */; };
/* End PBXBuildFile section */

/* Begin PBXContainerItemProxy section */
		91C529EA288DD12B001DC5C2 /* PBXContainerItemProxy */ = {
			isa = PBXContainerItemProxy;
			containerPortal = 91C529D1288DD128001DC5C2 /* Project object */;
			proxyType = 1;
			remoteGlobalIDString = 91C529D8288DD128001DC5C2;
			remoteInfo = World;
		};
		91C529F4288DD12B001DC5C2 /* PBXContainerItemProxy */ = {
			isa = PBXContainerItemProxy;
			containerPortal = 91C529D1288DD128001DC5C2 /* Project object */;
			proxyType = 1;
			remoteGlobalIDString = 91C529D8288DD128001DC5C2;
			remoteInfo = World;
		};
/* End PBXContainerItemProxy section */

/* Begin PBXFileReference section */
		91C529D9288DD128001DC5C2 /* World.app */ = {isa = PBXFileReference; explicitFileType = wrapper.application; includeInIndex = 0; path = World.app; sourceTree = BUILT_PRODUCTS_DIR; };
		91C529DC288DD128001DC5C2 /* WorldApp.swift */ = {isa = PBXFileReference; lastKnownFileType = sourcecode.swift; path = WorldApp.swift; sourceTree = "<group>"; };
		91C529DE288DD128001DC5C2 /* ContentView.swift */ = {isa = PBXFileReference; lastKnownFileType = sourcecode.swift; path = ContentView.swift; sourceTree = "<group>"; };
		91C529E0288DD12B001DC5C2 /* Assets.xcassets */ = {isa = PBXFileReference; lastKnownFileType = folder.assetcatalog; path = Assets.xcassets; sourceTree = "<group>"; };
		91C529E3288DD12B001DC5C2 /* Preview Assets.xcassets */ = {isa = PBXFileReference; lastKnownFileType = folder.assetcatalog; path = "Preview Assets.xcassets"; sourceTree = "<group>"; };
		91C529E9288DD12B001DC5C2 /* WorldTests.xctest */ = {isa = PBXFileReference; explicitFileType = wrapper.cfbundle; includeInIndex = 0; path = WorldTests.xctest; sourceTree = BUILT_PRODUCTS_DIR; };
		91C529ED288DD12B001DC5C2 /* WorldTests.swift */ = {isa = PBXFileReference; lastKnownFileType = sourcecode.swift; path = WorldTests.swift; sourceTree = "<group>"; };
		91C529F3288DD12B001DC5C2 /* WorldUITests.xctest */ = {isa = PBXFileReference; explicitFileType = wrapper.cfbundle; includeInIndex = 0; path = WorldUITests.xctest; sourceTree = BUILT_PRODUCTS_DIR; };
		91C529F7288DD12B001DC5C2 /* WorldUITests.swift */ = {isa = PBXFileReference; lastKnownFileType = sourcecode.swift; path = WorldUITests.swift; sourceTree = "<group>"; };
		91C529F9288DD12B001DC5C2 /* WorldUITestsLaunchTests.swift */ = {isa = PBXFileReference; lastKnownFileType = sourcecode.swift; path = WorldUITestsLaunchTests.swift; sourceTree = "<group>"; };
/* End PBXFileReference section */

/* Begin PBXFrameworksBuildPhase section */
		91C529D6288DD128001DC5C2 /* Frameworks */ = {
			isa = PBXFrameworksBuildPhase;
			buildActionMask = 2147483647;
			files = (
			);
			runOnlyForDeploymentPostprocessing = 0;
		};
		91C529E6288DD12B001DC5C2 /* Frameworks */ = {
			isa = PBXFrameworksBuildPhase;
			buildActionMask = 2147483647;
			files = (
			);
			runOnlyForDeploymentPostprocessing = 0;
		};
		91C529F0288DD12B001DC5C2 /* Frameworks */ = {
			isa = PBXFrameworksBuildPhase;
			buildActionMask = 2147483647;
			files = (
			);
			runOnlyForDeploymentPostprocessing = 0;
		};
/* End PBXFrameworksBuildPhase section */

/* Begin PBXGroup section */
		91C529D0288DD128001DC5C2 = {
			isa = PBXGroup;
			children = (
				91C529DB288DD128001DC5C2 /* World */,
				91C529EC288DD12B001DC5C2 /* WorldTests */,
				91C529F6288DD12B001DC5C2 /* WorldUITests */,
				91C529DA288DD128001DC5C2 /* Products */,
			);
			sourceTree = "<group>";
		};
		91C529DA288DD128001DC5C2 /* Products */ = {
			isa = PBXGroup;
			children = (
				91C529D9288DD128001DC5C2 /* World.app */,
				91C529E9288DD12B001DC5C2 /* WorldTests.xctest */,
				91C529F3288DD12B001DC5C2 /* WorldUITests.xctest */,
			);
			name = Products;
			sourceTree = "<group>";
		};
		91C529DB288DD128001DC5C2 /* World */ = {
			isa = PBXGroup;
			children = (
				91C529DC288DD128001DC5C2 /* WorldApp.swift */,
				91C529DE288DD128001DC5C2 /* ContentView.swift */,
				91C529E0288DD12B001DC5C2 /* Assets.xcassets */,
				91C529E2288DD12B001DC5C2 /* Preview Content */,
			);
			path = World;
			sourceTree = "<group>";
		};
		91C529E2288DD12B001DC5C2 /* Preview Content */ = {
			isa = PBXGroup;
			children = (
				91C529E3288DD12B001DC5C2 /* Preview Assets.xcassets */,
			);
			path = "Preview Content";
			sourceTree = "<group>";
		};
		91C529EC288DD12B001DC5C2 /* WorldTests */ = {
			isa = PBXGroup;
			children = (
				91C529ED288DD12B001DC5C2 /* WorldTests.swift */,
			);
			path = WorldTests;
			sourceTree = "<group>";
		};
		91C529F6288DD12B001DC5C2 /* WorldUITests */ = {
			isa = PBXGroup;
			children = (
				91C529F7288DD12B001DC5C2 /* WorldUITests.swift */,
				91C529F9288DD12B001DC5C2 /* WorldUITestsLaunchTests.swift */,
			);
			path = WorldUITests;
			sourceTree = "<group>";
		};
/* End PBXGroup section */

/* Begin PBXNativeTarget section */
		91C529D8288DD128001DC5C2 /* World */ = {
			isa = PBXNativeTarget;
			buildConfigurationList = 91C529FD288DD12B001DC5C2 /* Build configuration list for PBXNativeTarget "World" */;
			buildPhases = (
				91C529D5288DD128001DC5C2 /* Sources */,
				91C529D6288DD128001DC5C2 /* Frameworks */,
				91C529D7288DD128001DC5C2 /* Resources */,
			);
			buildRules = (
			);
			dependencies = (
			);
			name = World;
			productName = World;
			productReference = 91C529D9288DD128001DC5C2 /* World.app */;
			productType = "com.apple.product-type.application";
		};
		91C529E8288DD12B001DC5C2 /* WorldTests */ = {
			isa = PBXNativeTarget;
			buildConfigurationList = 91C52A00288DD12B001DC5C2 /* Build configuration list for PBXNativeTarget "WorldTests" */;
			buildPhases = (
				91C529E5288DD12B001DC5C2 /* Sources */,
				91C529E6288DD12B001DC5C2 /* Frameworks */,
				91C529E7288DD12B001DC5C2 /* Resources */,
			);
			buildRules = (
			);
			dependencies = (
				91C529EB288DD12B001DC5C2 /* PBXTargetDependency */,
			);
			name = WorldTests;
			productName = WorldTests;
			productReference = 91C529E9288DD12B001DC5C2 /* WorldTests.xctest */;
			productType = "com.apple.product-type.bundle.unit-test";
		};
		91C529F2288DD12B001DC5C2 /* WorldUITests */ = {
			isa = PBXNativeTarget;
			buildConfigurationList = 91C52A03288DD12B001DC5C2 /* Build configuration list for PBXNativeTarget "WorldUITests" */;
			buildPhases = (
				91C529EF288DD12B001DC5C2 /* Sources */,
				91C529F0288DD12B001DC5C2 /* Frameworks */,
				91C529F1288DD12B001DC5C2 /* Resources */,
			);
			buildRules = (
			);
			dependencies = (
				91C529F5288DD12B001DC5C2 /* PBXTargetDependency */,
			);
			name = WorldUITests;
			productName = WorldUITests;
			productReference = 91C529F3288DD12B001DC5C2 /* WorldUITests.xctest */;
			productType = "com.apple.product-type.bundle.ui-testing";
		};
/* End PBXNativeTarget section */

/* Begin PBXProject section */
		91C529D1288DD128001DC5C2 /* Project object */ = {
			isa = PBXProject;
			attributes = {
				BuildIndependentTargetsInParallel = 1;
				LastSwiftUpdateCheck = 1340;
				LastUpgradeCheck = 1340;
				TargetAttributes = {
					91C529D8288DD128001DC5C2 = {
						CreatedOnToolsVersion = 13.4.1;
					};
					91C529E8288DD12B001DC5C2 = {
						CreatedOnToolsVersion = 13.4.1;
						TestTargetID = 91C529D8288DD128001DC5C2;
					};
					91C529F2288DD12B001DC5C2 = {
						CreatedOnToolsVersion = 13.4.1;
						TestTargetID = 91C529D8288DD128001DC5C2;
					};
				};
			};
			buildConfigurationList = 91C529D4288DD128001DC5C2 /* Build configuration list for PBXProject "World" */;
			compatibilityVersion = "Xcode 13.0";
			developmentRegion = en;
			hasScannedForEncodings = 0;
			knownRegions = (
				en,
				Base,
			);
			mainGroup = 91C529D0288DD128001DC5C2;
			productRefGroup = 91C529DA288DD128001DC5C2 /* Products */;
			projectDirPath = "";
			projectRoot = "";
			targets = (
				91C529D8288DD128001DC5C2 /* World */,
				91C529E8288DD12B001DC5C2 /* WorldTests */,
				91C529F2288DD12B001DC5C2 /* WorldUITests */,
			);
		};
/* End PBXProject section */

/* Begin PBXResourcesBuildPhase section */
		91C529D7288DD128001DC5C2 /* Resources */ = {
			isa = PBXResourcesBuildPhase;
			buildActionMask = 2147483647;
			files = (
				91C529E4288DD12B001DC5C2 /* Preview Assets.xcassets in Resources */,
				91C529E1288DD12B001DC5C2 /* Assets.xcassets in Resources */,
			);
			runOnlyForDeploymentPostprocessing = 0;
		};
		91C529E7288DD12B001DC5C2 /* Resources */ = {
			isa = PBXResourcesBuildPhase;
			buildActionMask = 2147483647;
			files = (
			);
			runOnlyForDeploymentPostprocessing = 0;
		};
		91C529F1288DD12B001DC5C2 /* Resources */ = {
			isa = PBXResourcesBuildPhase;
			buildActionMask = 2147483647;
			files = (
			);
			runOnlyForDeploymentPostprocessing = 0;
		};
/* End PBXResourcesBuildPhase section */

/* Begin PBXSourcesBuildPhase section */
		91C529D5288DD128001DC5C2 /* Sources */ = {
			isa = PBXSourcesBuildPhase;
			buildActionMask = 2147483647;
			files = (
				91C529DF288DD128001DC5C2 /* ContentView.swift in Sources */,
				91C529DD288DD128001DC5C2 /* WorldApp.swift in Sources */,
			);
			runOnlyForDeploymentPostprocessing = 0;
		};
		91C529E5288DD12B001DC5C2 /* Sources */ = {
			isa = PBXSourcesBuildPhase;
			buildActionMask = 2147483647;
			files = (
				91C529EE288DD12B001DC5C2 /* WorldTests.swift in Sources */,
			);
			runOnlyForDeploymentPostprocessing = 0;
		};
		91C529EF288DD12B001DC5C2 /* Sources */ = {
			isa = PBXSourcesBuildPhase;
			buildActionMask = 2147483647;
			files = (
				91C529F8288DD12B001DC5C2 /* WorldUITests.swift in Sources */,
				91C529FA288DD12B001DC5C2 /* WorldUITestsLaunchTests.swift in Sources */,
			);
			runOnlyForDeploymentPostprocessing = 0;
		};
/* End PBXSourcesBuildPhase section */

/* Begin PBXTargetDependency section */
		91C529EB288DD12B001DC5C2 /* PBXTargetDependency */ = {
			isa = PBXTargetDependency;
			target = 91C529D8288DD128001DC5C2 /* World */;
			targetProxy = 91C529EA288DD12B001DC5C2 /* PBXContainerItemProxy */;
		};
		91C529F5288DD12B001DC5C2 /* PBXTargetDependency */ = {
			isa = PBXTargetDependency;
			target = 91C529D8288DD128001DC5C2 /* World */;
			targetProxy = 91C529F4288DD12B001DC5C2 /* PBXContainerItemProxy */;
		};
/* End PBXTargetDependency section */

/* Begin XCBuildConfiguration section */
		91C529FB288DD12B001DC5C2 /* Debug */ = {
			isa = XCBuildConfiguration;
			buildSettings = {
				ALWAYS_SEARCH_USER_PATHS = NO;
				CLANG_ANALYZER_NONNULL = YES;
				CLANG_ANALYZER_NUMBER_OBJECT_CONVERSION = YES_AGGRESSIVE;
				CLANG_CXX_LANGUAGE_STANDARD = "gnu++17";
				CLANG_ENABLE_MODULES = YES;
				CLANG_ENABLE_OBJC_ARC = YES;
				CLANG_ENABLE_OBJC_WEAK = YES;
				CLANG_WARN_BLOCK_CAPTURE_AUTORELEASING = YES;
				CLANG_WARN_BOOL_CONVERSION = YES;
				CLANG_WARN_COMMA = YES;
				CLANG_WARN_CONSTANT_CONVERSION = YES;
				CLANG_WARN_DEPRECATED_OBJC_IMPLEMENTATIONS = YES;
				CLANG_WARN_DIRECT_OBJC_ISA_USAGE = YES_ERROR;
				CLANG_WARN_DOCUMENTATION_COMMENTS = YES;
				CLANG_WARN_EMPTY_BODY = YES;
				CLANG_WARN_ENUM_CONVERSION = YES;
				CLANG_WARN_INFINITE_RECURSION = YES;
				CLANG_WARN_INT_CONVERSION = YES;
				CLANG_WARN_NON_LITERAL_NULL_CONVERSION = YES;
				CLANG_WARN_OBJC_IMPLICIT_RETAIN_SELF = YES;
				CLANG_WARN_OBJC_LITERAL_CONVERSION = YES;
				CLANG_WARN_OBJC_ROOT_CLASS = YES_ERROR;
				CLANG_WARN_QUOTED_INCLUDE_IN_FRAMEWORK_HEADER = YES;
				CLANG_WARN_RANGE_LOOP_ANALYSIS = YES;
				CLANG_WARN_STRICT_PROTOTYPES = YES;
				CLANG_WARN_SUSPICIOUS_MOVE = YES;
				CLANG_WARN_UNGUARDED_AVAILABILITY = YES_AGGRESSIVE;
				CLANG_WARN_UNREACHABLE_CODE = YES;
				CLANG_WARN__DUPLICATE_METHOD_MATCH = YES;
				COPY_PHASE_STRIP = NO;
				DEBUG_INFORMATION_FORMAT = dwarf;
				ENABLE_STRICT_OBJC_MSGSEND = YES;
				ENABLE_TESTABILITY = YES;
				GCC_C_LANGUAGE_STANDARD = gnu11;
				GCC_DYNAMIC_NO_PIC = NO;
				GCC_NO_COMMON_BLOCKS = YES;
				GCC_OPTIMIZATION_LEVEL = 0;
				GCC_PREPROCESSOR_DEFINITIONS = (
					"DEBUG=1",
					"$(inherited)",
				);
				GCC_WARN_64_TO_32_BIT_CONVERSION = YES;
				GCC_WARN_ABOUT_RETURN_TYPE = YES_ERROR;
				GCC_WARN_UNDECLARED_SELECTOR = YES;
				GCC_WARN_UNINITIALIZED_AUTOS = YES_AGGRESSIVE;
				GCC_WARN_UNUSED_FUNCTION = YES;
				GCC_WARN_UNUSED_VARIABLE = YES;
				IPHONEOS_DEPLOYMENT_TARGET = 15.5;
				MTL_ENABLE_DEBUG_INFO = INCLUDE_SOURCE;
				MTL_FAST_MATH = YES;
				ONLY_ACTIVE_ARCH = YES;
				SDKROOT = iphoneos;
				SWIFT_ACTIVE_COMPILATION_CONDITIONS = DEBUG;
				SWIFT_OPTIMIZATION_LEVEL = "-Onone";
			};
			name = Debug;
		};
		91C529FC288DD12B001DC5C2 /* Release */ = {
			isa = XCBuildConfiguration;
			buildSettings = {
				ALWAYS_SEARCH_USER_PATHS = NO;
				CLANG_ANALYZER_NONNULL = YES;
				CLANG_ANALYZER_NUMBER_OBJECT_CONVERSION = YES_AGGRESSIVE;
				CLANG_CXX_LANGUAGE_STANDARD = "gnu++17";
				CLANG_ENABLE_MODULES = YES;
				CLANG_ENABLE_OBJC_ARC = YES;
				CLANG_ENABLE_OBJC_WEAK = YES;
				CLANG_WARN_BLOCK_CAPTURE_AUTORELEASING = YES;
				CLANG_WARN_BOOL_CONVERSION = YES;
				CLANG_WARN_COMMA = YES;
				CLANG_WARN_CONSTANT_CONVERSION = YES;
				CLANG_WARN_DEPRECATED_OBJC_IMPLEMENTATIONS = YES;
				CLANG_WARN_DIRECT_OBJC_ISA_USAGE = YES_ERROR;
				CLANG_WARN_DOCUMENTATION_COMMENTS = YES;
				CLANG_WARN_EMPTY_BODY = YES;
				CLANG_WARN_ENUM_CONVERSION = YES;
				CLANG_WARN_INFINITE_RECURSION = YES;
				CLANG_WARN_INT_CONVERSION = YES;
				CLANG_WARN_NON_LITERAL_NULL_CONVERSION = YES;
				CLANG_WARN_OBJC_IMPLICIT_RETAIN_SELF = YES;
				CLANG_WARN_OBJC_LITERAL_CONVERSION = YES;
				CLANG_WARN_OBJC_ROOT_CLASS = YES_ERROR;
				CLANG_WARN_QUOTED_INCLUDE_IN_FRAMEWORK_HEADER = YES;
				CLANG_WARN_RANGE_LOOP_ANALYSIS = YES;
				CLANG_WARN_STRICT_PROTOTYPES = YES;
				CLANG_WARN_SUSPICIOUS_MOVE = YES;
				CLANG_WARN_UNGUARDED_AVAILABILITY = YES_AGGRESSIVE;
				CLANG_WARN_UNREACHABLE_CODE = YES;
				CLANG_WARN__DUPLICATE_METHOD_MATCH = YES;
				COPY_PHASE_STRIP = NO;
				DEBUG_INFORMATION_FORMAT = "dwarf-with-dsym";
				ENABLE_NS_ASSERTIONS = NO;
				ENABLE_STRICT_OBJC_MSGSEND = YES;
				GCC_C_LANGUAGE_STANDARD = gnu11;
				GCC_NO_COMMON_BLOCKS = YES;
				GCC_WARN_64_TO_32_BIT_CONVERSION = YES;
				GCC_WARN_ABOUT_RETURN_TYPE = YES_ERROR;
				GCC_WARN_UNDECLARED_SELECTOR = YES;
				GCC_WARN_UNINITIALIZED_AUTOS = YES_AGGRESSIVE;
				GCC_WARN_UNUSED_FUNCTION = YES;
				GCC_WARN_UNUSED_VARIABLE = YES;
				IPHONEOS_DEPLOYMENT_TARGET = 15.5;
				MTL_ENABLE_DEBUG_INFO = NO;
				MTL_FAST_MATH = YES;
				SDKROOT = iphoneos;
				SWIFT_COMPILATION_MODE = wholemodule;
				SWIFT_OPTIMIZATION_LEVEL = "-O";
				VALIDATE_PRODUCT = YES;
			};
			name = Release;
		};
		91C529FE288DD12B001DC5C2 /* Debug */ = {
			isa = XCBuildConfiguration;
			buildSettings = {
				ASSETCATALOG_COMPILER_APPICON_NAME = AppIcon;
				ASSETCATALOG_COMPILER_GLOBAL_ACCENT_COLOR_NAME = AccentColor;
				CODE_SIGN_STYLE = Automatic;
				CURRENT_PROJECT_VERSION = 1;
				DEVELOPMENT_ASSET_PATHS = "\"World/Preview Content\"";
				DEVELOPMENT_TEAM = SGDBJPAB63;
				ENABLE_PREVIEWS = YES;
				GENERATE_INFOPLIST_FILE = YES;
				INFOPLIST_KEY_UIApplicationSceneManifest_Generation = YES;
				INFOPLIST_KEY_UIApplicationSupportsIndirectInputEvents = YES;
				INFOPLIST_KEY_UILaunchScreen_Generation = YES;
				INFOPLIST_KEY_UISupportedInterfaceOrientations_iPad = "UIInterfaceOrientationPortrait UIInterfaceOrientationPortraitUpsideDown UIInterfaceOrientationLandscapeLeft UIInterfaceOrientationLandscapeRight";
				INFOPLIST_KEY_UISupportedInterfaceOrientations_iPhone = "UIInterfaceOrientationPortrait UIInterfaceOrientationLandscapeLeft UIInterfaceOrientationLandscapeRight";
				LD_RUNPATH_SEARCH_PATHS = (
					"$(inherited)",
					"@executable_path/Frameworks",
				);
				MARKETING_VERSION = 1.0;
				PRODUCT_BUNDLE_IDENTIFIER = com.stimyoonmdphd.World;
				PRODUCT_NAME = "$(TARGET_NAME)";
				SWIFT_EMIT_LOC_STRINGS = YES;
				SWIFT_VERSION = 5.0;
				TARGETED_DEVICE_FAMILY = "1,2";
			};
			name = Debug;
		};
		91C529FF288DD12B001DC5C2 /* Release */ = {
			isa = XCBuildConfiguration;
			buildSettings = {
				ASSETCATALOG_COMPILER_APPICON_NAME = AppIcon;
				ASSETCATALOG_COMPILER_GLOBAL_ACCENT_COLOR_NAME = AccentColor;
				CODE_SIGN_STYLE = Automatic;
				CURRENT_PROJECT_VERSION = 1;
				DEVELOPMENT_ASSET_PATHS = "\"World/Preview Content\"";
				DEVELOPMENT_TEAM = SGDBJPAB63;
				ENABLE_PREVIEWS = YES;
				GENERATE_INFOPLIST_FILE = YES;
				INFOPLIST_KEY_UIApplicationSceneManifest_Generation = YES;
				INFOPLIST_KEY_UIApplicationSupportsIndirectInputEvents = YES;
				INFOPLIST_KEY_UILaunchScreen_Generation = YES;
				INFOPLIST_KEY_UISupportedInterfaceOrientations_iPad = "UIInterfaceOrientationPortrait UIInterfaceOrientationPortraitUpsideDown UIInterfaceOrientationLandscapeLeft UIInterfaceOrientationLandscapeRight";
				INFOPLIST_KEY_UISupportedInterfaceOrientations_iPhone = "UIInterfaceOrientationPortrait UIInterfaceOrientationLandscapeLeft UIInterfaceOrientationLandscapeRight";
				LD_RUNPATH_SEARCH_PATHS = (
					"$(inherited)",
					"@executable_path/Frameworks",
				);
				MARKETING_VERSION = 1.0;
				PRODUCT_BUNDLE_IDENTIFIER = com.stimyoonmdphd.World;
				PRODUCT_NAME = "$(TARGET_NAME)";
				SWIFT_EMIT_LOC_STRINGS = YES;
				SWIFT_VERSION = 5.0;
				TARGETED_DEVICE_FAMILY = "1,2";
			};
			name = Release;
		};
		91C52A01288DD12B001DC5C2 /* Debug */ = {
			isa = XCBuildConfiguration;
			buildSettings = {
				ALWAYS_EMBED_SWIFT_STANDARD_LIBRARIES = YES;
				BUNDLE_LOADER = "$(TEST_HOST)";
				CODE_SIGN_STYLE = Automatic;
				CURRENT_PROJECT_VERSION = 1;
				DEVELOPMENT_TEAM = SGDBJPAB63;
				GENERATE_INFOPLIST_FILE = YES;
				IPHONEOS_DEPLOYMENT_TARGET = 15.5;
				MARKETING_VERSION = 1.0;
				PRODUCT_BUNDLE_IDENTIFIER = com.stimyoonmdphd.WorldTests;
				PRODUCT_NAME = "$(TARGET_NAME)";
				SWIFT_EMIT_LOC_STRINGS = NO;
				SWIFT_VERSION = 5.0;
				TARGETED_DEVICE_FAMILY = "1,2";
				TEST_HOST = "$(BUILT_PRODUCTS_DIR)/World.app/World";
			};
			name = Debug;
		};
		91C52A02288DD12B001DC5C2 /* Release */ = {
			isa = XCBuildConfiguration;
			buildSettings = {
				ALWAYS_EMBED_SWIFT_STANDARD_LIBRARIES = YES;
				BUNDLE_LOADER = "$(TEST_HOST)";
				CODE_SIGN_STYLE = Automatic;
				CURRENT_PROJECT_VERSION = 1;
				DEVELOPMENT_TEAM = SGDBJPAB63;
				GENERATE_INFOPLIST_FILE = YES;
				IPHONEOS_DEPLOYMENT_TARGET = 15.5;
				MARKETING_VERSION = 1.0;
				PRODUCT_BUNDLE_IDENTIFIER = com.stimyoonmdphd.WorldTests;
				PRODUCT_NAME = "$(TARGET_NAME)";
				SWIFT_EMIT_LOC_STRINGS = NO;
				SWIFT_VERSION = 5.0;
				TARGETED_DEVICE_FAMILY = "1,2";
				TEST_HOST = "$(BUILT_PRODUCTS_DIR)/World.app/World";
			};
			name = Release;
		};
		91C52A04288DD12B001DC5C2 /* Debug */ = {
			isa = XCBuildConfiguration;
			buildSettings = {
				ALWAYS_EMBED_SWIFT_STANDARD_LIBRARIES = YES;
				CODE_SIGN_STYLE = Automatic;
				CURRENT_PROJECT_VERSION = 1;
				DEVELOPMENT_TEAM = SGDBJPAB63;
				GENERATE_INFOPLIST_FILE = YES;
				MARKETING_VERSION = 1.0;
				PRODUCT_BUNDLE_IDENTIFIER = com.stimyoonmdphd.WorldUITests;
				PRODUCT_NAME = "$(TARGET_NAME)";
				SWIFT_EMIT_LOC_STRINGS = NO;
				SWIFT_VERSION = 5.0;
				TARGETED_DEVICE_FAMILY = "1,2";
				TEST_TARGET_NAME = World;
			};
			name = Debug;
		};
		91C52A05288DD12B001DC5C2 /* Release */ = {
			isa = XCBuildConfiguration;
			buildSettings = {
				ALWAYS_EMBED_SWIFT_STANDARD_LIBRARIES = YES;
				CODE_SIGN_STYLE = Automatic;
				CURRENT_PROJECT_VERSION = 1;
				DEVELOPMENT_TEAM = SGDBJPAB63;
				GENERATE_INFOPLIST_FILE = YES;
				MARKETING_VERSION = 1.0;
				PRODUCT_BUNDLE_IDENTIFIER = com.stimyoonmdphd.WorldUITests;
				PRODUCT_NAME = "$(TARGET_NAME)";
				SWIFT_EMIT_LOC_STRINGS = NO;
				SWIFT_VERSION = 5.0;
				TARGETED_DEVICE_FAMILY = "1,2";
				TEST_TARGET_NAME = World;
			};
			name = Release;
		};
/* End XCBuildConfiguration section */

/* Begin XCConfigurationList section */
		91C529D4288DD128001DC5C2 /* Build configuration list for PBXProject "World" */ = {
			isa = XCConfigurationList;
			buildConfigurations = (
				91C529FB288DD12B001DC5C2 /* Debug */,
				91C529FC288DD12B001DC5C2 /* Release */,
			);
			defaultConfigurationIsVisible = 0;
			defaultConfigurationName = Release;
		};
		91C529FD288DD12B001DC5C2 /* Build configuration list for PBXNativeTarget "World" */ = {
			isa = XCConfigurationList;
			buildConfigurations = (
				91C529FE288DD12B001DC5C2 /* Debug */,
				91C529FF288DD12B001DC5C2 /* Release */,
			);
			defaultConfigurationIsVisible = 0;
			defaultConfigurationName = Release;
		};
		91C52A00288DD12B001DC5C2 /* Build configuration list for PBXNativeTarget "WorldTests" */ = {
			isa = XCConfigurationList;
			buildConfigurations = (
				91C52A01288DD12B001DC5C2 /* Debug */,
				91C52A02288DD12B001DC5C2 /* Release */,
			);
			defaultConfigurationIsVisible = 0;
			defaultConfigurationName = Release;
		};
		91C52A03288DD12B001DC5C2 /* Build configuration list for PBXNativeTarget "WorldUITests" */ = {
			isa = XCConfigurationList;
			buildConfigurations = (
				91C52A04288DD12B001DC5C2 /* Debug */,
				91C52A05288DD12B001DC5C2 /* Release */,
			);
			defaultConfigurationIsVisible = 0;
			defaultConfigurationName = Release;
		};
/* End XCConfigurationList section */
	};
	rootObject = 91C529D1288DD128001DC5C2 /* Project object */;
}
